
Microsoft Visual Studio Solution File, Format Version 12.00
# Visual Studio Version 16
VisualStudioVersion = 16.0.31729.503
MinimumVisualStudioVersion = 10.0.40219.1
Project("{FAE04EC0-301F-11D3-BF4B-00C04F79EFBC}") = "TeacherApp", "TeacherApp\TeacherApp.csproj", "{DE3D8B82-5787-40E8-AFCE-08480B09A7F4}"
EndProject
Global
	GlobalSection(SolutionConfigurationPlatforms) = preSolution
		Debug|Any CPU = Debug|Any CPU
		Release|Any CPU = Release|Any CPU
	EndGlobalSection
	GlobalSection(ProjectConfigurationPlatforms) = postSolution
		{DE3D8B82-5787-40E8-AFCE-08480B09A7F4}.Debug|Any CPU.ActiveCfg = Debug|Any CPU
		{DE3D8B82-5787-40E8-AFCE-08480B09A7F4}.Debug|Any CPU.Build.0 = Debug|Any CPU
		{DE3D8B82-5787-40E8-AFCE-08480B09A7F4}.Release|Any CPU.ActiveCfg = Release|Any CPU
		{DE3D8B82-5787-40E8-AFCE-08480B09A7F4}.Release|Any CPU.Build.0 = Release|Any CPU
	EndGlobalSection
	GlobalSection(SolutionProperties) = preSolution
		HideSolutionNode = FALSE
	EndGlobalSection
	GlobalSection(ExtensibilityGlobals) = postSolution
		SolutionGuid = {260EBC08-6C3D-44BC-A5D5-5FAE49E648F4}
	EndGlobalSection
EndGlobal
